
Microsoft Visual Studio Solution File, Format Version 12.00
# Visual Studio Version 17
VisualStudioVersion = 17.1.32319.34
MinimumVisualStudioVersion = 10.0.40219.1
Project("{9A19103F-16F7-4668-BE54-9A1E7A4F7556}") = "Ciber", "Ciber\Ciber.csproj", "{3750AABB-4D38-411B-806B-21F3A23F95EB}"
EndProject
Project("{FAE04EC0-301F-11D3-BF4B-00C04F79EFBC}") = "Ciber.Infrastructure", "Ciber.Infrastructure\Ciber.Infrastructure.csproj", "{8189BF51-4779-4DCC-9173-D15A35A75DCD}"
EndProject
Project("{FAE04EC0-301F-11D3-BF4B-00C04F79EFBC}") = "Ciber.Models", "Ciber.Model\Ciber.Models.csproj", "{FD8C1054-D772-4ABC-9D17-8BB934055953}"
EndProject
Project("{FAE04EC0-301F-11D3-BF4B-00C04F79EFBC}") = "Ciber.Services", "Ciber.Services\Ciber.Services.csproj", "{89C27B86-956D-4385-8608-002B171B80F9}"
EndProject
Project("{FAE04EC0-301F-11D3-BF4B-00C04F79EFBC}") = "Ciber.Test", "Ciber.Test\Ciber.Test.csproj", "{F954ADE8-5C3C-4F35-8534-A3A5243AF34C}"
EndProject
Global
	GlobalSection(SolutionConfigurationPlatforms) = preSolution
		Debug|Any CPU = Debug|Any CPU
		Release|Any CPU = Release|Any CPU
	EndGlobalSection
	GlobalSection(ProjectConfigurationPlatforms) = postSolution
		{3750AABB-4D38-411B-806B-21F3A23F95EB}.Debug|Any CPU.ActiveCfg = Debug|Any CPU
		{3750AABB-4D38-411B-806B-21F3A23F95EB}.Debug|Any CPU.Build.0 = Debug|Any CPU
		{3750AABB-4D38-411B-806B-21F3A23F95EB}.Release|Any CPU.ActiveCfg = Release|Any CPU
		{3750AABB-4D38-411B-806B-21F3A23F95EB}.Release|Any CPU.Build.0 = Release|Any CPU
		{8189BF51-4779-4DCC-9173-D15A35A75DCD}.Debug|Any CPU.ActiveCfg = Debug|Any CPU
		{8189BF51-4779-4DCC-9173-D15A35A75DCD}.Debug|Any CPU.Build.0 = Debug|Any CPU
		{8189BF51-4779-4DCC-9173-D15A35A75DCD}.Release|Any CPU.ActiveCfg = Release|Any CPU
		{8189BF51-4779-4DCC-9173-D15A35A75DCD}.Release|Any CPU.Build.0 = Release|Any CPU
		{FD8C1054-D772-4ABC-9D17-8BB934055953}.Debug|Any CPU.ActiveCfg = Debug|Any CPU
		{FD8C1054-D772-4ABC-9D17-8BB934055953}.Debug|Any CPU.Build.0 = Debug|Any CPU
		{FD8C1054-D772-4ABC-9D17-8BB934055953}.Release|Any CPU.ActiveCfg = Release|Any CPU
		{FD8C1054-D772-4ABC-9D17-8BB934055953}.Release|Any CPU.Build.0 = Release|Any CPU
		{89C27B86-956D-4385-8608-002B171B80F9}.Debug|Any CPU.ActiveCfg = Debug|Any CPU
		{89C27B86-956D-4385-8608-002B171B80F9}.Debug|Any CPU.Build.0 = Debug|Any CPU
		{89C27B86-956D-4385-8608-002B171B80F9}.Release|Any CPU.ActiveCfg = Release|Any CPU
		{89C27B86-956D-4385-8608-002B171B80F9}.Release|Any CPU.Build.0 = Release|Any CPU
		{F954ADE8-5C3C-4F35-8534-A3A5243AF34C}.Debug|Any CPU.ActiveCfg = Debug|Any CPU
		{F954ADE8-5C3C-4F35-8534-A3A5243AF34C}.Debug|Any CPU.Build.0 = Debug|Any CPU
		{F954ADE8-5C3C-4F35-8534-A3A5243AF34C}.Release|Any CPU.ActiveCfg = Release|Any CPU
		{F954ADE8-5C3C-4F35-8534-A3A5243AF34C}.Release|Any CPU.Build.0 = Release|Any CPU
	EndGlobalSection
	GlobalSection(SolutionProperties) = preSolution
		HideSolutionNode = FALSE
	EndGlobalSection
	GlobalSection(ExtensibilityGlobals) = postSolution
		SolutionGuid = {51B027B2-4174-43D7-90C3-75943CE48BF2}
	EndGlobalSection
EndGlobal
